
Microsoft Visual Studio Solution File, Format Version 12.00
# Visual Studio 15
VisualStudioVersion = 15.0.28307.421
MinimumVisualStudioVersion = 10.0.40219.1
Project("{FAE04EC0-301F-11D3-BF4B-00C04F79EFBC}") = "CityInfo.API", "CityInfo.API\CityInfo.API.csproj", "{DE8258C9-114C-40FF-AFBA-4D9C27651D04}"
EndProject
Global
	GlobalSection(SolutionConfigurationPlatforms) = preSolution
		Debug|Any CPU = Debug|Any CPU
		Release|Any CPU = Release|Any CPU
	EndGlobalSection
	GlobalSection(ProjectConfigurationPlatforms) = postSolution
		{DE8258C9-114C-40FF-AFBA-4D9C27651D04}.Debug|Any CPU.ActiveCfg = Debug|Any CPU
		{DE8258C9-114C-40FF-AFBA-4D9C27651D04}.Debug|Any CPU.Build.0 = Debug|Any CPU
		{DE8258C9-114C-40FF-AFBA-4D9C27651D04}.Release|Any CPU.ActiveCfg = Release|Any CPU
		{DE8258C9-114C-40FF-AFBA-4D9C27651D04}.Release|Any CPU.Build.0 = Release|Any CPU
	EndGlobalSection
	GlobalSection(SolutionProperties) = preSolution
		HideSolutionNode = FALSE
	EndGlobalSection
	GlobalSection(ExtensibilityGlobals) = postSolution
		SolutionGuid = {6857B38F-5956-434B-BD1C-F3061FB64E6F}
	EndGlobalSection
EndGlobal
